
Microsoft Visual Studio Solution File, Format Version 12.00
# Visual Studio Version 17
VisualStudioVersion = 17.10.35004.147
MinimumVisualStudioVersion = 10.0.40219.1
Project("{FAE04EC0-301F-11D3-BF4B-00C04F79EFBC}") = "CALC_PI", "CALC_PI.csproj", "{CFA1DCA7-295E-46C9-BEA3-70471A751EBA}"
EndProject
Global
	GlobalSection(SolutionConfigurationPlatforms) = preSolution
		Debug|Any CPU = Debug|Any CPU
		Release|Any CPU = Release|Any CPU
	EndGlobalSection
	GlobalSection(ProjectConfigurationPlatforms) = postSolution
		{CFA1DCA7-295E-46C9-BEA3-70471A751EBA}.Debug|Any CPU.ActiveCfg = Debug|Any CPU
		{CFA1DCA7-295E-46C9-BEA3-70471A751EBA}.Debug|Any CPU.Build.0 = Debug|Any CPU
		{CFA1DCA7-295E-46C9-BEA3-70471A751EBA}.Release|Any CPU.ActiveCfg = Release|Any CPU
		{CFA1DCA7-295E-46C9-BEA3-70471A751EBA}.Release|Any CPU.Build.0 = Release|Any CPU
	EndGlobalSection
	GlobalSection(SolutionProperties) = preSolution
		HideSolutionNode = FALSE
	EndGlobalSection
	GlobalSection(ExtensibilityGlobals) = postSolution
		SolutionGuid = {6D89123E-18C6-4EAA-9226-F01E2071D95E}
	EndGlobalSection
EndGlobal
